NeoBundleLock ack.vim 36e40f9ec91bdbf6f1adf408522a73a6925c3042
NeoBundleLock ctrlp.vim 2e773fd8c7548526853fff6ee2e642eafbbe3d04
NeoBundleLock neobundle.vim 1306c131ff0a6cc094b7ff0727350e442b5427f1
NeoBundleLock nerdtree 7513f256aa1d59b6a749cefe5ac505375b1b8a6a
NeoBundleLock nerdtree-git-plugin 325a1298b0c9d8a4c61388a2f9956a534a9068cd
NeoBundleLock syntastic 1089ee5212b833d73c96ca93773b9eca1a0f721b
NeoBundleLock tsuquyomi 2a3dcbc9085975c3b1c49c382f6c87c69d199a44
NeoBundleLock typescript-vim 0e9d92eead2df21abe342c4341c55536dd36b0af
NeoBundleLock vim-delve ad30cab549ab8b6014308fe7c095325c08dec211
NeoBundleLock vim-fugitive bd0b87d36ad80e8acd94f22028d15ebb441b1c28
NeoBundleLock vim-gitgutter 7eeea63e62b1cc088a75c7a7c244fc774d82e5bb
NeoBundleLock vim-go f04098811b8a7aba3dba699ed98f6f6e39b7d7ac
NeoBundleLock vim-jsonnet 824dcfe76568dba38135332fc4729e2b2c4d9b3a
NeoBundleLock vim-terraform a44bf0b1a142bb39e84e5d525f7d98b5d3a66057
NeoBundleLock vim-terraform-completion 148b2ae20b8d33aeb3e5cc0e730e841f3d90a164
NeoBundleLock vimproc.vim eb5b2b1248ccc8b1b9e84d7658508e38b964d17d
