NeoBundleLock ale 41ff80dc9ec2cc834cc8c4aaa753e308223d48b8
NeoBundleLock coc.nvim 52bbdcc8d3f4024a781bb3400e285cfebba74412
NeoBundleLock ctrlp.vim 2e773fd8c7548526853fff6ee2e642eafbbe3d04
NeoBundleLock neobundle.vim 1306c131ff0a6cc094b7ff0727350e442b5427f1
NeoBundleLock nerdtree 496b61ead1acd80128164cce5c2ff8e89c42ded2
NeoBundleLock nerdtree-git-plugin 0501cdfbe3064d1f2d0987929565bccee5f5a6a5
NeoBundleLock pt.vim a479234046973659bb8d090dce065835c22156c5
NeoBundleLock syntastic 0336c35c0b10b46d85cdd9c3df721f978429e82c
NeoBundleLock tlib_vim 19c98450af64fd9d875e009e0868cb119db01755
NeoBundleLock tsuquyomi 61e16ab1d1cb621385bc9c6a0c5e7744494ec9f5
NeoBundleLock typescript-vim 5a319ea5504e18215d155576c78d1b7fb8e22c8f
NeoBundleLock vim-addon-mw-utils 295862ba6be47ec3b11b6c85c10d982ffd9bc0b2
NeoBundleLock vim-airline 89d1d43165c8ef6c029ee0e9590a0d67978a7c97
NeoBundleLock vim-airline-themes 0d5c5c1e2995126e76606a628316c8e3f5efb37a
NeoBundleLock vim-delve 67f176074f511ede910941c42bfc94c72c4f788d
NeoBundleLock vim-fugitive eec184e8b095a4dc57875d754003ef3cf9733ab0
NeoBundleLock vim-gitgo c30d1c3f6da0a43c4ef6eb18b47e42be828e6eae
NeoBundleLock vim-gitgutter ba049e707abe9c75f050fa4a26a4a61929f5dc2d
NeoBundleLock vim-go e62b7405c57f4030fbcfbab6952124672c9ca0a7
NeoBundleLock vim-graphql 61e342c4facd5cbc645104262e866882ea1cf5c3
NeoBundleLock vim-jsonnet b7459b36e5465515f7cf81d0bb0e66e42a7c2eb5
NeoBundleLock vim-prettier 427ef6830294c722f04cd3799f2c27a6629976a6
NeoBundleLock vim-snipmate 17ac70ef00982b7b4865e2ff0efc34a4a5b59cab
NeoBundleLock vim-snippets 55b29ff83e9f5b43a138fb42100be6d7b5777d0d
NeoBundleLock vim-solidity 569bbbedc3898236d5912fed0caf114936112ae4
NeoBundleLock vim-terraform a9925ccef810d01e3a21295d4dba97532d14f2ee
NeoBundleLock vim-terraform-completion 1c8792d1e85154aa6fc05eb746711bf2df2274d9
NeoBundleLock vimproc.vim 0328ac6096ac57d647bed1ee59c8b616b3ba2858
NeoBundleLock wmgraphviz.vim f08ff5becd1e6e81d681ff2926f2cce29f63cb18
NeoBundleLock yaml-vim 509eef523082d69a75652739d4e7e6068eeb6506
