NeoBundleLock ack.vim 36e40f9ec91bdbf6f1adf408522a73a6925c3042
NeoBundleLock ale 73812c3e41c1c7fcf1705811f35ac4c9ccec003e
NeoBundleLock ctrlp.vim 2e773fd8c7548526853fff6ee2e642eafbbe3d04
NeoBundleLock neobundle.vim 1306c131ff0a6cc094b7ff0727350e442b5427f1
NeoBundleLock nerdtree 9afab6257b954a1e9591928e7a8cd220fde51552
NeoBundleLock nerdtree-git-plugin 0501cdfbe3064d1f2d0987929565bccee5f5a6a5
NeoBundleLock syntastic 0336c35c0b10b46d85cdd9c3df721f978429e82c
NeoBundleLock tsuquyomi 61e16ab1d1cb621385bc9c6a0c5e7744494ec9f5
NeoBundleLock typescript-vim 5a319ea5504e18215d155576c78d1b7fb8e22c8f
NeoBundleLock vim-airline 57fb980df71c9426cc49f0116416150d0af1a34c
NeoBundleLock vim-airline-themes b85165844240fe0b9121df487679a320e053abc7
NeoBundleLock vim-delve 67f176074f511ede910941c42bfc94c72c4f788d
NeoBundleLock vim-fugitive 9abe962c9d6248c1b76a25bacfcc0c1e5d2cfbc8
NeoBundleLock vim-gitgutter 77fb3fd81e78afd96ef017b2ad9107c1775a78b5
NeoBundleLock vim-go 8cecefd77a40e8c9b9bbdbd2475a3f5bc64f591a
NeoBundleLock vim-jsonnet b7459b36e5465515f7cf81d0bb0e66e42a7c2eb5
NeoBundleLock vim-terraform 8b0a0ee7f2463f6949a5ce778169a782b80cdab4
NeoBundleLock vim-terraform-completion 1c8792d1e85154aa6fc05eb746711bf2df2274d9
NeoBundleLock vim-whiplash 20e431e9c9e4ea89b9480ec883f078d2cc266ece
NeoBundleLock vimproc.vim 0328ac6096ac57d647bed1ee59c8b616b3ba2858
NeoBundleLock yaml-vim 509eef523082d69a75652739d4e7e6068eeb6506
